
Microsoft Visual Studio Solution File, Format Version 12.00
# Visual Studio 15
VisualStudioVersion = 15.0.28307.489
MinimumVisualStudioVersion = 10.0.40219.1
Project("{9A19103F-16F7-4668-BE54-9A1E7A4F7556}") = "pluralsight-scraper", "pluralsight-scraper\pluralsight-scraper.csproj", "{5AFC4279-E3EA-4793-BBEB-DCAE32387C4E}"
EndProject
Global
	GlobalSection(SolutionConfigurationPlatforms) = preSolution
		Debug|Any CPU = Debug|Any CPU
		Release|Any CPU = Release|Any CPU
	EndGlobalSection
	GlobalSection(ProjectConfigurationPlatforms) = postSolution
		{5AFC4279-E3EA-4793-BBEB-DCAE32387C4E}.Debug|Any CPU.ActiveCfg = Debug|Any CPU
		{5AFC4279-E3EA-4793-BBEB-DCAE32387C4E}.Debug|Any CPU.Build.0 = Debug|Any CPU
		{5AFC4279-E3EA-4793-BBEB-DCAE32387C4E}.Release|Any CPU.ActiveCfg = Release|Any CPU
		{5AFC4279-E3EA-4793-BBEB-DCAE32387C4E}.Release|Any CPU.Build.0 = Release|Any CPU
	EndGlobalSection
	GlobalSection(SolutionProperties) = preSolution
		HideSolutionNode = FALSE
	EndGlobalSection
	GlobalSection(ExtensibilityGlobals) = postSolution
		SolutionGuid = {8F7438C0-E5C3-42BD-AF23-01035764FA79}
	EndGlobalSection
EndGlobal
