
Microsoft Visual Studio Solution File, Format Version 12.00
# Visual Studio Version 16
VisualStudioVersion = 16.0.28803.156
MinimumVisualStudioVersion = 10.0.40219.1
Project("{9A19103F-16F7-4668-BE54-9A1E7A4F7556}") = "pluralsight-scraper", "pluralsight-scraper\pluralsight-scraper.csproj", "{5AFC4279-E3EA-4793-BBEB-DCAE32387C4E}"
EndProject
Project("{FAE04EC0-301F-11D3-BF4B-00C04F79EFBC}") = "pluralsight-scraper-tests-integration", "pluralsight-scraper-tests-integration\pluralsight-scraper-tests-integration.csproj", "{3DCF78BF-9642-445C-8E3D-39F791AF4A31}"
EndProject
Project("{FAE04EC0-301F-11D3-BF4B-00C04F79EFBC}") = "pluralsight-scraper-tests-unit", "pluralsight-scraper-tests-unit\pluralsight-scraper-tests-unit.csproj", "{508BA9FB-B48A-494C-ABDF-533DD7EF5A86}"
EndProject
Global
	GlobalSection(SolutionConfigurationPlatforms) = preSolution
		Debug|Any CPU = Debug|Any CPU
		Release|Any CPU = Release|Any CPU
	EndGlobalSection
	GlobalSection(ProjectConfigurationPlatforms) = postSolution
		{5AFC4279-E3EA-4793-BBEB-DCAE32387C4E}.Debug|Any CPU.ActiveCfg = Debug|Any CPU
		{5AFC4279-E3EA-4793-BBEB-DCAE32387C4E}.Debug|Any CPU.Build.0 = Debug|Any CPU
		{5AFC4279-E3EA-4793-BBEB-DCAE32387C4E}.Release|Any CPU.ActiveCfg = Release|Any CPU
		{5AFC4279-E3EA-4793-BBEB-DCAE32387C4E}.Release|Any CPU.Build.0 = Release|Any CPU
		{3DCF78BF-9642-445C-8E3D-39F791AF4A31}.Debug|Any CPU.ActiveCfg = Debug|Any CPU
		{3DCF78BF-9642-445C-8E3D-39F791AF4A31}.Debug|Any CPU.Build.0 = Debug|Any CPU
		{3DCF78BF-9642-445C-8E3D-39F791AF4A31}.Release|Any CPU.ActiveCfg = Release|Any CPU
		{3DCF78BF-9642-445C-8E3D-39F791AF4A31}.Release|Any CPU.Build.0 = Release|Any CPU
		{508BA9FB-B48A-494C-ABDF-533DD7EF5A86}.Debug|Any CPU.ActiveCfg = Debug|Any CPU
		{508BA9FB-B48A-494C-ABDF-533DD7EF5A86}.Debug|Any CPU.Build.0 = Debug|Any CPU
		{508BA9FB-B48A-494C-ABDF-533DD7EF5A86}.Release|Any CPU.ActiveCfg = Release|Any CPU
		{508BA9FB-B48A-494C-ABDF-533DD7EF5A86}.Release|Any CPU.Build.0 = Release|Any CPU
	EndGlobalSection
	GlobalSection(SolutionProperties) = preSolution
		HideSolutionNode = FALSE
	EndGlobalSection
	GlobalSection(ExtensibilityGlobals) = postSolution
		SolutionGuid = {8F7438C0-E5C3-42BD-AF23-01035764FA79}
	EndGlobalSection
EndGlobal
